
Microsoft Visual Studio Solution File, Format Version 12.00
# Visual Studio 14
VisualStudioVersion = 14.0.24720.0
MinimumVisualStudioVersion = 10.0.40219.1
Project("{FAE04EC0-301F-11D3-BF4B-00C04F79EFBC}") = "PDBundleModPatcher", "PDBundleModPatcher\PDBundleModPatcher.csproj", "{C90DA7FE-E96B-48E8-8292-503587E95DE4}"
	ProjectSection(ProjectDependencies) = postProject
		{EA5BA96B-223A-4EE2-97BA-629AAC5EE9A2} = {EA5BA96B-223A-4EE2-97BA-629AAC5EE9A2}
	EndProjectSection
EndProject
Project("{FAE04EC0-301F-11D3-BF4B-00C04F79EFBC}") = "DieselBundle", "DieselBundle\DieselBundle.csproj", "{0A37D67C-EDB1-4AEF-BC10-B9B8E255F3C7}"
EndProject
Project("{FAE04EC0-301F-11D3-BF4B-00C04F79EFBC}") = "SoundBankParser", "PD2SoundBankParser\SoundBankParser.csproj", "{EA5BA96B-223A-4EE2-97BA-629AAC5EE9A2}"
EndProject
Project("{FAE04EC0-301F-11D3-BF4B-00C04F79EFBC}") = "PDBundleModPatcher_Updater", "..\PDBundleModder_Updater\PDBundleModder_Updater\PDBundleModPatcher_Updater.csproj", "{FDAFE5BD-7382-45A9-9506-54E4E41A9D63}"
EndProject
Global
	GlobalSection(SolutionConfigurationPlatforms) = preSolution
		Debug|Any CPU = Debug|Any CPU
		Debug|Mixed Platforms = Debug|Mixed Platforms
		Debug|x86 = Debug|x86
		Release LINUX|Any CPU = Release LINUX|Any CPU
		Release LINUX|Mixed Platforms = Release LINUX|Mixed Platforms
		Release LINUX|x86 = Release LINUX|x86
		Release WIN|Any CPU = Release WIN|Any CPU
		Release WIN|Mixed Platforms = Release WIN|Mixed Platforms
		Release WIN|x86 = Release WIN|x86
		Release|Any CPU = Release|Any CPU
		Release|Mixed Platforms = Release|Mixed Platforms
		Release|x86 = Release|x86
	EndGlobalSection
	GlobalSection(ProjectConfigurationPlatforms) = postSolution
		{C90DA7FE-E96B-48E8-8292-503587E95DE4}.Debug|Any CPU.ActiveCfg = Debug|Any CPU
		{C90DA7FE-E96B-48E8-8292-503587E95DE4}.Debug|Any CPU.Build.0 = Debug|Any CPU
		{C90DA7FE-E96B-48E8-8292-503587E95DE4}.Debug|Mixed Platforms.ActiveCfg = Debug|Any CPU
		{C90DA7FE-E96B-48E8-8292-503587E95DE4}.Debug|Mixed Platforms.Build.0 = Debug|Any CPU
		{C90DA7FE-E96B-48E8-8292-503587E95DE4}.Debug|x86.ActiveCfg = Debug|x86
		{C90DA7FE-E96B-48E8-8292-503587E95DE4}.Debug|x86.Build.0 = Debug|x86
		{C90DA7FE-E96B-48E8-8292-503587E95DE4}.Release LINUX|Any CPU.ActiveCfg = Release LINUX|Any CPU
		{C90DA7FE-E96B-48E8-8292-503587E95DE4}.Release LINUX|Any CPU.Build.0 = Release LINUX|Any CPU
		{C90DA7FE-E96B-48E8-8292-503587E95DE4}.Release LINUX|Mixed Platforms.ActiveCfg = Release LINUX|Any CPU
		{C90DA7FE-E96B-48E8-8292-503587E95DE4}.Release LINUX|Mixed Platforms.Build.0 = Release LINUX|Any CPU
		{C90DA7FE-E96B-48E8-8292-503587E95DE4}.Release LINUX|x86.ActiveCfg = Release LINUX|x86
		{C90DA7FE-E96B-48E8-8292-503587E95DE4}.Release LINUX|x86.Build.0 = Release LINUX|x86
		{C90DA7FE-E96B-48E8-8292-503587E95DE4}.Release WIN|Any CPU.ActiveCfg = Release Win|Any CPU
		{C90DA7FE-E96B-48E8-8292-503587E95DE4}.Release WIN|Any CPU.Build.0 = Release Win|Any CPU
		{C90DA7FE-E96B-48E8-8292-503587E95DE4}.Release WIN|Mixed Platforms.ActiveCfg = Release Win|Any CPU
		{C90DA7FE-E96B-48E8-8292-503587E95DE4}.Release WIN|Mixed Platforms.Build.0 = Release Win|Any CPU
		{C90DA7FE-E96B-48E8-8292-503587E95DE4}.Release WIN|x86.ActiveCfg = Release Win|x86
		{C90DA7FE-E96B-48E8-8292-503587E95DE4}.Release WIN|x86.Build.0 = Release Win|x86
		{C90DA7FE-E96B-48E8-8292-503587E95DE4}.Release|Any CPU.ActiveCfg = Release|Any CPU
		{C90DA7FE-E96B-48E8-8292-503587E95DE4}.Release|Any CPU.Build.0 = Release|Any CPU
		{C90DA7FE-E96B-48E8-8292-503587E95DE4}.Release|Mixed Platforms.ActiveCfg = Release|Any CPU
		{C90DA7FE-E96B-48E8-8292-503587E95DE4}.Release|Mixed Platforms.Build.0 = Release|Any CPU
		{C90DA7FE-E96B-48E8-8292-503587E95DE4}.Release|x86.ActiveCfg = Release|x86
		{C90DA7FE-E96B-48E8-8292-503587E95DE4}.Release|x86.Build.0 = Release|x86
		{0A37D67C-EDB1-4AEF-BC10-B9B8E255F3C7}.Debug|Any CPU.ActiveCfg = Debug|Any CPU
		{0A37D67C-EDB1-4AEF-BC10-B9B8E255F3C7}.Debug|Any CPU.Build.0 = Debug|Any CPU
		{0A37D67C-EDB1-4AEF-BC10-B9B8E255F3C7}.Debug|Mixed Platforms.ActiveCfg = Debug|Any CPU
		{0A37D67C-EDB1-4AEF-BC10-B9B8E255F3C7}.Debug|Mixed Platforms.Build.0 = Debug|Any CPU
		{0A37D67C-EDB1-4AEF-BC10-B9B8E255F3C7}.Debug|x86.ActiveCfg = Debug|Any CPU
		{0A37D67C-EDB1-4AEF-BC10-B9B8E255F3C7}.Release LINUX|Any CPU.ActiveCfg = Release LINUX|Any CPU
		{0A37D67C-EDB1-4AEF-BC10-B9B8E255F3C7}.Release LINUX|Any CPU.Build.0 = Release LINUX|Any CPU
		{0A37D67C-EDB1-4AEF-BC10-B9B8E255F3C7}.Release LINUX|Mixed Platforms.ActiveCfg = Release LINUX|Any CPU
		{0A37D67C-EDB1-4AEF-BC10-B9B8E255F3C7}.Release LINUX|Mixed Platforms.Build.0 = Release LINUX|Any CPU
		{0A37D67C-EDB1-4AEF-BC10-B9B8E255F3C7}.Release LINUX|x86.ActiveCfg = Release LINUX|Any CPU
		{0A37D67C-EDB1-4AEF-BC10-B9B8E255F3C7}.Release LINUX|x86.Build.0 = Release LINUX|Any CPU
		{0A37D67C-EDB1-4AEF-BC10-B9B8E255F3C7}.Release WIN|Any CPU.ActiveCfg = Release Win|Any CPU
		{0A37D67C-EDB1-4AEF-BC10-B9B8E255F3C7}.Release WIN|Any CPU.Build.0 = Release Win|Any CPU
		{0A37D67C-EDB1-4AEF-BC10-B9B8E255F3C7}.Release WIN|Mixed Platforms.ActiveCfg = Release Win|Any CPU
		{0A37D67C-EDB1-4AEF-BC10-B9B8E255F3C7}.Release WIN|Mixed Platforms.Build.0 = Release Win|Any CPU
		{0A37D67C-EDB1-4AEF-BC10-B9B8E255F3C7}.Release WIN|x86.ActiveCfg = Release Win|Any CPU
		{0A37D67C-EDB1-4AEF-BC10-B9B8E255F3C7}.Release WIN|x86.Build.0 = Release Win|Any CPU
		{0A37D67C-EDB1-4AEF-BC10-B9B8E255F3C7}.Release|Any CPU.ActiveCfg = Release|Any CPU
		{0A37D67C-EDB1-4AEF-BC10-B9B8E255F3C7}.Release|Any CPU.Build.0 = Release|Any CPU
		{0A37D67C-EDB1-4AEF-BC10-B9B8E255F3C7}.Release|Mixed Platforms.ActiveCfg = Release|Any CPU
		{0A37D67C-EDB1-4AEF-BC10-B9B8E255F3C7}.Release|Mixed Platforms.Build.0 = Release|Any CPU
		{0A37D67C-EDB1-4AEF-BC10-B9B8E255F3C7}.Release|x86.ActiveCfg = Release|Any CPU
		{0A37D67C-EDB1-4AEF-BC10-B9B8E255F3C7}.Release|x86.Build.0 = Release|Any CPU
		{EA5BA96B-223A-4EE2-97BA-629AAC5EE9A2}.Debug|Any CPU.ActiveCfg = Debug|Any CPU
		{EA5BA96B-223A-4EE2-97BA-629AAC5EE9A2}.Debug|Any CPU.Build.0 = Debug|Any CPU
		{EA5BA96B-223A-4EE2-97BA-629AAC5EE9A2}.Debug|Mixed Platforms.ActiveCfg = Debug|Any CPU
		{EA5BA96B-223A-4EE2-97BA-629AAC5EE9A2}.Debug|Mixed Platforms.Build.0 = Debug|Any CPU
		{EA5BA96B-223A-4EE2-97BA-629AAC5EE9A2}.Debug|x86.ActiveCfg = Debug|Any CPU
		{EA5BA96B-223A-4EE2-97BA-629AAC5EE9A2}.Release LINUX|Any CPU.ActiveCfg = Release|Any CPU
		{EA5BA96B-223A-4EE2-97BA-629AAC5EE9A2}.Release LINUX|Any CPU.Build.0 = Release|Any CPU
		{EA5BA96B-223A-4EE2-97BA-629AAC5EE9A2}.Release LINUX|Mixed Platforms.ActiveCfg = Release|Any CPU
		{EA5BA96B-223A-4EE2-97BA-629AAC5EE9A2}.Release LINUX|Mixed Platforms.Build.0 = Release|Any CPU
		{EA5BA96B-223A-4EE2-97BA-629AAC5EE9A2}.Release LINUX|x86.ActiveCfg = Release|Any CPU
		{EA5BA96B-223A-4EE2-97BA-629AAC5EE9A2}.Release LINUX|x86.Build.0 = Release|Any CPU
		{EA5BA96B-223A-4EE2-97BA-629AAC5EE9A2}.Release WIN|Any CPU.ActiveCfg = Release|Any CPU
		{EA5BA96B-223A-4EE2-97BA-629AAC5EE9A2}.Release WIN|Any CPU.Build.0 = Release|Any CPU
		{EA5BA96B-223A-4EE2-97BA-629AAC5EE9A2}.Release WIN|Mixed Platforms.ActiveCfg = Release|Any CPU
		{EA5BA96B-223A-4EE2-97BA-629AAC5EE9A2}.Release WIN|Mixed Platforms.Build.0 = Release|Any CPU
		{EA5BA96B-223A-4EE2-97BA-629AAC5EE9A2}.Release WIN|x86.ActiveCfg = Release|Any CPU
		{EA5BA96B-223A-4EE2-97BA-629AAC5EE9A2}.Release WIN|x86.Build.0 = Release|Any CPU
		{EA5BA96B-223A-4EE2-97BA-629AAC5EE9A2}.Release|Any CPU.ActiveCfg = Release|Any CPU
		{EA5BA96B-223A-4EE2-97BA-629AAC5EE9A2}.Release|Any CPU.Build.0 = Release|Any CPU
		{EA5BA96B-223A-4EE2-97BA-629AAC5EE9A2}.Release|Mixed Platforms.ActiveCfg = Release|Any CPU
		{EA5BA96B-223A-4EE2-97BA-629AAC5EE9A2}.Release|Mixed Platforms.Build.0 = Release|Any CPU
		{EA5BA96B-223A-4EE2-97BA-629AAC5EE9A2}.Release|x86.ActiveCfg = Release|Any CPU
		{EA5BA96B-223A-4EE2-97BA-629AAC5EE9A2}.Release|x86.Build.0 = Release|Any CPU
		{FDAFE5BD-7382-45A9-9506-54E4E41A9D63}.Debug|Any CPU.ActiveCfg = Debug|Any CPU
		{FDAFE5BD-7382-45A9-9506-54E4E41A9D63}.Debug|Any CPU.Build.0 = Debug|Any CPU
		{FDAFE5BD-7382-45A9-9506-54E4E41A9D63}.Debug|Mixed Platforms.ActiveCfg = Debug|Any CPU
		{FDAFE5BD-7382-45A9-9506-54E4E41A9D63}.Debug|Mixed Platforms.Build.0 = Debug|Any CPU
		{FDAFE5BD-7382-45A9-9506-54E4E41A9D63}.Debug|x86.ActiveCfg = Debug|Any CPU
		{FDAFE5BD-7382-45A9-9506-54E4E41A9D63}.Debug|x86.Build.0 = Debug|Any CPU
		{FDAFE5BD-7382-45A9-9506-54E4E41A9D63}.Release LINUX|Any CPU.ActiveCfg = Release LINUX|Any CPU
		{FDAFE5BD-7382-45A9-9506-54E4E41A9D63}.Release LINUX|Any CPU.Build.0 = Release LINUX|Any CPU
		{FDAFE5BD-7382-45A9-9506-54E4E41A9D63}.Release LINUX|Mixed Platforms.ActiveCfg = Release LINUX|Any CPU
		{FDAFE5BD-7382-45A9-9506-54E4E41A9D63}.Release LINUX|Mixed Platforms.Build.0 = Release LINUX|Any CPU
		{FDAFE5BD-7382-45A9-9506-54E4E41A9D63}.Release LINUX|x86.ActiveCfg = Release LINUX|Any CPU
		{FDAFE5BD-7382-45A9-9506-54E4E41A9D63}.Release LINUX|x86.Build.0 = Release LINUX|Any CPU
		{FDAFE5BD-7382-45A9-9506-54E4E41A9D63}.Release WIN|Any CPU.ActiveCfg = Release Win|Any CPU
		{FDAFE5BD-7382-45A9-9506-54E4E41A9D63}.Release WIN|Any CPU.Build.0 = Release Win|Any CPU
		{FDAFE5BD-7382-45A9-9506-54E4E41A9D63}.Release WIN|Mixed Platforms.ActiveCfg = Release Win|Any CPU
		{FDAFE5BD-7382-45A9-9506-54E4E41A9D63}.Release WIN|Mixed Platforms.Build.0 = Release Win|Any CPU
		{FDAFE5BD-7382-45A9-9506-54E4E41A9D63}.Release WIN|x86.ActiveCfg = Release Win|Any CPU
		{FDAFE5BD-7382-45A9-9506-54E4E41A9D63}.Release WIN|x86.Build.0 = Release Win|Any CPU
		{FDAFE5BD-7382-45A9-9506-54E4E41A9D63}.Release|Any CPU.ActiveCfg = Release|Any CPU
		{FDAFE5BD-7382-45A9-9506-54E4E41A9D63}.Release|Any CPU.Build.0 = Release|Any CPU
		{FDAFE5BD-7382-45A9-9506-54E4E41A9D63}.Release|Mixed Platforms.ActiveCfg = Release|Any CPU
		{FDAFE5BD-7382-45A9-9506-54E4E41A9D63}.Release|Mixed Platforms.Build.0 = Release|Any CPU
		{FDAFE5BD-7382-45A9-9506-54E4E41A9D63}.Release|x86.ActiveCfg = Release|Any CPU
		{FDAFE5BD-7382-45A9-9506-54E4E41A9D63}.Release|x86.Build.0 = Release|Any CPU
	EndGlobalSection
	GlobalSection(SolutionProperties) = preSolution
		HideSolutionNode = FALSE
	EndGlobalSection
EndGlobal
