
Microsoft Visual Studio Solution File, Format Version 12.00
# Visual Studio Express 2012 for Windows Desktop
Project("{FAE04EC0-301F-11D3-BF4B-00C04F79EFBC}") = "PDBundleModPatcher_Updater", "PDBundleModder_Updater\PDBundleModPatcher_Updater.csproj", "{FDAFE5BD-7382-45A9-9506-54E4E41A9D63}"
EndProject
Global
	GlobalSection(SolutionConfigurationPlatforms) = preSolution
		Debug|Any CPU = Debug|Any CPU
		Release|Any CPU = Release|Any CPU
	EndGlobalSection
	GlobalSection(ProjectConfigurationPlatforms) = postSolution
		{FDAFE5BD-7382-45A9-9506-54E4E41A9D63}.Debug|Any CPU.ActiveCfg = Debug|Any CPU
		{FDAFE5BD-7382-45A9-9506-54E4E41A9D63}.Debug|Any CPU.Build.0 = Debug|Any CPU
		{FDAFE5BD-7382-45A9-9506-54E4E41A9D63}.Release|Any CPU.ActiveCfg = Release|Any CPU
		{FDAFE5BD-7382-45A9-9506-54E4E41A9D63}.Release|Any CPU.Build.0 = Release|Any CPU
	EndGlobalSection
	GlobalSection(SolutionProperties) = preSolution
		HideSolutionNode = FALSE
	EndGlobalSection
EndGlobal
